// !$*UTF8*$!
{
	archiveVersion = 1;
	classes = {
	};
	objectVersion = 55;
	objects = {

/* Begin PBXBuildFile section */
		FA22161D2867A414001F25A3 /* TitleView.swift in Sources */ = {isa = PBXBuildFile; fileRef = FA22161C2867A414001F25A3 /* TitleView.swift */; };
		FA22161F2867A559001F25A3 /* ProductModel.swift in Sources */ = {isa = PBXBuildFile; fileRef = FA22161E2867A558001F25A3 /* ProductModel.swift */; };
		FA2216212867A609001F25A3 /* ProductItemView.swift in Sources */ = {isa = PBXBuildFile; fileRef = FA2216202867A609001F25A3 /* ProductItemView.swift */; };
		FA2216232867A99C001F25A3 /* BrandModel.swift in Sources */ = {isa = PBXBuildFile; fileRef = FA2216222867A99C001F25A3 /* BrandModel.swift */; };
		FA2216252867AA6E001F25A3 /* BrandItemView.swift in Sources */ = {isa = PBXBuildFile; fileRef = FA2216242867AA6E001F25A3 /* BrandItemView.swift */; };
		FA2216272867AB2E001F25A3 /* BrandGridView.swift in Sources */ = {isa = PBXBuildFile; fileRef = FA2216262867AB2E001F25A3 /* BrandGridView.swift */; };
		FA22E4A62864C30B0073FC8D /* CategoryModel.swift in Sources */ = {isa = PBXBuildFile; fileRef = FA22E4A52864C30B0073FC8D /* CategoryModel.swift */; };
		FA22E4A82864C4290073FC8D /* CategoryItemView.swift in Sources */ = {isa = PBXBuildFile; fileRef = FA22E4A72864C4290073FC8D /* CategoryItemView.swift */; };
		FA22E4AA2864C5C10073FC8D /* CategoryGridView.swift in Sources */ = {isa = PBXBuildFile; fileRef = FA22E4A92864C5C10073FC8D /* CategoryGridView.swift */; };
		FA22E4AC2864C77F0073FC8D /* SectionView.swift in Sources */ = {isa = PBXBuildFile; fileRef = FA22E4AB2864C77F0073FC8D /* SectionView.swift */; };
		FA241B612863AC4E0018854A /* PlayerModel.swift in Sources */ = {isa = PBXBuildFile; fileRef = FA241B602863AC4E0018854A /* PlayerModel.swift */; };
		FA241B632863AC890018854A /* CodableBundleExtension.swift in Sources */ = {isa = PBXBuildFile; fileRef = FA241B622863AC890018854A /* CodableBundleExtension.swift */; };
		FA241B652863ADBE0018854A /* FeaturedItemView.swift in Sources */ = {isa = PBXBuildFile; fileRef = FA241B642863ADBE0018854A /* FeaturedItemView.swift */; };
		FA241B672863AF080018854A /* FeaturedTabView.swift in Sources */ = {isa = PBXBuildFile; fileRef = FA241B662863AF080018854A /* FeaturedTabView.swift */; };
		FA51BA5D285F84F100B06D21 /* Constant.swift in Sources */ = {isa = PBXBuildFile; fileRef = FA51BA5C285F84F100B06D21 /* Constant.swift */; };
		FA55616F28611021001DD7C7 /* FooterView.swift in Sources */ = {isa = PBXBuildFile; fileRef = FA55616E28611021001DD7C7 /* FooterView.swift */; };
		FA572437285F7D2400536E44 /* TouchdownApp.swift in Sources */ = {isa = PBXBuildFile; fileRef = FA572436285F7D2400536E44 /* TouchdownApp.swift */; };
		FA572439285F7D2400536E44 /* ContentView.swift in Sources */ = {isa = PBXBuildFile; fileRef = FA572438285F7D2400536E44 /* ContentView.swift */; };
		FA57243B285F7D2700536E44 /* Assets.xcassets in Resources */ = {isa = PBXBuildFile; fileRef = FA57243A285F7D2700536E44 /* Assets.xcassets */; };
		FA57243E285F7D2700536E44 /* Preview Assets.xcassets in Resources */ = {isa = PBXBuildFile; fileRef = FA57243D285F7D2700536E44 /* Preview Assets.xcassets */; };
		FA572448285F7E1100536E44 /* product.json in Resources */ = {isa = PBXBuildFile; fileRef = FA572444285F7E1100536E44 /* product.json */; };
		FA572449285F7E1100536E44 /* brand.json in Resources */ = {isa = PBXBuildFile; fileRef = FA572445285F7E1100536E44 /* brand.json */; };
		FA57244A285F7E1100536E44 /* category.json in Resources */ = {isa = PBXBuildFile; fileRef = FA572446285F7E1100536E44 /* category.json */; };
		FA57244B285F7E1100536E44 /* player.json in Resources */ = {isa = PBXBuildFile; fileRef = FA572447285F7E1100536E44 /* player.json */; };
		FA84732E28689BE100149AD5 /* ProductDetailView.swift in Sources */ = {isa = PBXBuildFile; fileRef = FA84732D28689BE100149AD5 /* ProductDetailView.swift */; };
		FA84733028689D2400149AD5 /* NavigationBarDetailView.swift in Sources */ = {isa = PBXBuildFile; fileRef = FA84732F28689D2400149AD5 /* NavigationBarDetailView.swift */; };
		FA84733228689E9300149AD5 /* HeaderDetailView.swift in Sources */ = {isa = PBXBuildFile; fileRef = FA84733128689E9300149AD5 /* HeaderDetailView.swift */; };
		FA8473342868A33800149AD5 /* TopPartDetailView.swift in Sources */ = {isa = PBXBuildFile; fileRef = FA8473332868A33800149AD5 /* TopPartDetailView.swift */; };
		FA8473382868A64200149AD5 /* CustomShape.swift in Sources */ = {isa = PBXBuildFile; fileRef = FA8473372868A64200149AD5 /* CustomShape.swift */; };
		FA84733A2868A7DB00149AD5 /* RatingsSizesDetailView.swift in Sources */ = {isa = PBXBuildFile; fileRef = FA8473392868A7DB00149AD5 /* RatingsSizesDetailView.swift */; };
		FA84733C2868AA9800149AD5 /* QuantityFavoriteDetailView.swift in Sources */ = {isa = PBXBuildFile; fileRef = FA84733B2868AA9800149AD5 /* QuantityFavoriteDetailView.swift */; };
		FA84733E2868AC9A00149AD5 /* AddToCartDetailView.swift in Sources */ = {isa = PBXBuildFile; fileRef = FA84733D2868AC9A00149AD5 /* AddToCartDetailView.swift */; };
		FA8473402868AE1400149AD5 /* Shop.swift in Sources */ = {isa = PBXBuildFile; fileRef = FA84733F2868AE1400149AD5 /* Shop.swift */; };
		FAF5903128625B1700D04AFF /* NavigationBarView.swift in Sources */ = {isa = PBXBuildFile; fileRef = FAF5903028625B1700D04AFF /* NavigationBarView.swift */; };
		FAF5903328625CAC00D04AFF /* LogoView.swift in Sources */ = {isa = PBXBuildFile; fileRef = FAF5903228625CAC00D04AFF /* LogoView.swift */; };
/* End PBXBuildFile section */

/* Begin PBXFileReference section */
		FA22161C2867A414001F25A3 /* TitleView.swift */ = {isa = PBXFileReference; lastKnownFileType = sourcecode.swift; path = TitleView.swift; sourceTree = "<group>"; };
		FA22161E2867A558001F25A3 /* ProductModel.swift */ = {isa = PBXFileReference; lastKnownFileType = sourcecode.swift; path = ProductModel.swift; sourceTree = "<group>"; };
		FA2216202867A609001F25A3 /* ProductItemView.swift */ = {isa = PBXFileReference; lastKnownFileType = sourcecode.swift; path = ProductItemView.swift; sourceTree = "<group>"; };
		FA2216222867A99C001F25A3 /* BrandModel.swift */ = {isa = PBXFileReference; lastKnownFileType = sourcecode.swift; path = BrandModel.swift; sourceTree = "<group>"; };
		FA2216242867AA6E001F25A3 /* BrandItemView.swift */ = {isa = PBXFileReference; lastKnownFileType = sourcecode.swift; path = BrandItemView.swift; sourceTree = "<group>"; };
		FA2216262867AB2E001F25A3 /* BrandGridView.swift */ = {isa = PBXFileReference; lastKnownFileType = sourcecode.swift; path = BrandGridView.swift; sourceTree = "<group>"; };
		FA22E4A52864C30B0073FC8D /* CategoryModel.swift */ = {isa = PBXFileReference; lastKnownFileType = sourcecode.swift; path = CategoryModel.swift; sourceTree = "<group>"; };
		FA22E4A72864C4290073FC8D /* CategoryItemView.swift */ = {isa = PBXFileReference; lastKnownFileType = sourcecode.swift; path = CategoryItemView.swift; sourceTree = "<group>"; };
		FA22E4A92864C5C10073FC8D /* CategoryGridView.swift */ = {isa = PBXFileReference; lastKnownFileType = sourcecode.swift; path = CategoryGridView.swift; sourceTree = "<group>"; };
		FA22E4AB2864C77F0073FC8D /* SectionView.swift */ = {isa = PBXFileReference; lastKnownFileType = sourcecode.swift; path = SectionView.swift; sourceTree = "<group>"; };
		FA241B602863AC4E0018854A /* PlayerModel.swift */ = {isa = PBXFileReference; lastKnownFileType = sourcecode.swift; path = PlayerModel.swift; sourceTree = "<group>"; };
		FA241B622863AC890018854A /* CodableBundleExtension.swift */ = {isa = PBXFileReference; lastKnownFileType = sourcecode.swift; path = CodableBundleExtension.swift; sourceTree = "<group>"; };
		FA241B642863ADBE0018854A /* FeaturedItemView.swift */ = {isa = PBXFileReference; lastKnownFileType = sourcecode.swift; path = FeaturedItemView.swift; sourceTree = "<group>"; };
		FA241B662863AF080018854A /* FeaturedTabView.swift */ = {isa = PBXFileReference; lastKnownFileType = sourcecode.swift; path = FeaturedTabView.swift; sourceTree = "<group>"; };
		FA51BA5C285F84F100B06D21 /* Constant.swift */ = {isa = PBXFileReference; lastKnownFileType = sourcecode.swift; path = Constant.swift; sourceTree = "<group>"; };
		FA55616E28611021001DD7C7 /* FooterView.swift */ = {isa = PBXFileReference; lastKnownFileType = sourcecode.swift; path = FooterView.swift; sourceTree = "<group>"; };
		FA572433285F7D2400536E44 /* Touchdown.app */ = {isa = PBXFileReference; explicitFileType = wrapper.application; includeInIndex = 0; path = Touchdown.app; sourceTree = BUILT_PRODUCTS_DIR; };
		FA572436285F7D2400536E44 /* TouchdownApp.swift */ = {isa = PBXFileReference; lastKnownFileType = sourcecode.swift; path = TouchdownApp.swift; sourceTree = "<group>"; };
		FA572438285F7D2400536E44 /* ContentView.swift */ = {isa = PBXFileReference; lastKnownFileType = sourcecode.swift; path = ContentView.swift; sourceTree = "<group>"; };
		FA57243A285F7D2700536E44 /* Assets.xcassets */ = {isa = PBXFileReference; lastKnownFileType = folder.assetcatalog; path = Assets.xcassets; sourceTree = "<group>"; };
		FA57243D285F7D2700536E44 /* Preview Assets.xcassets */ = {isa = PBXFileReference; lastKnownFileType = folder.assetcatalog; path = "Preview Assets.xcassets"; sourceTree = "<group>"; };
		FA572444285F7E1100536E44 /* product.json */ = {isa = PBXFileReference; fileEncoding = 4; lastKnownFileType = text.json; path = product.json; sourceTree = "<group>"; };
		FA572445285F7E1100536E44 /* brand.json */ = {isa = PBXFileReference; fileEncoding = 4; lastKnownFileType = text.json; path = brand.json; sourceTree = "<group>"; };
		FA572446285F7E1100536E44 /* category.json */ = {isa = PBXFileReference; fileEncoding = 4; lastKnownFileType = text.json; path = category.json; sourceTree = "<group>"; };
		FA572447285F7E1100536E44 /* player.json */ = {isa = PBXFileReference; fileEncoding = 4; lastKnownFileType = text.json; path = player.json; sourceTree = "<group>"; };
		FA57244E285F7E9B00536E44 /* Info.plist */ = {isa = PBXFileReference; lastKnownFileType = text.plist.xml; path = Info.plist; sourceTree = "<group>"; };
		FA84732D28689BE100149AD5 /* ProductDetailView.swift */ = {isa = PBXFileReference; lastKnownFileType = sourcecode.swift; path = ProductDetailView.swift; sourceTree = "<group>"; };
		FA84732F28689D2400149AD5 /* NavigationBarDetailView.swift */ = {isa = PBXFileReference; lastKnownFileType = sourcecode.swift; path = NavigationBarDetailView.swift; sourceTree = "<group>"; };
		FA84733128689E9300149AD5 /* HeaderDetailView.swift */ = {isa = PBXFileReference; lastKnownFileType = sourcecode.swift; path = HeaderDetailView.swift; sourceTree = "<group>"; };
		FA8473332868A33800149AD5 /* TopPartDetailView.swift */ = {isa = PBXFileReference; lastKnownFileType = sourcecode.swift; path = TopPartDetailView.swift; sourceTree = "<group>"; };
		FA8473372868A64200149AD5 /* CustomShape.swift */ = {isa = PBXFileReference; lastKnownFileType = sourcecode.swift; path = CustomShape.swift; sourceTree = "<group>"; };
		FA8473392868A7DB00149AD5 /* RatingsSizesDetailView.swift */ = {isa = PBXFileReference; lastKnownFileType = sourcecode.swift; path = RatingsSizesDetailView.swift; sourceTree = "<group>"; };
		FA84733B2868AA9800149AD5 /* QuantityFavoriteDetailView.swift */ = {isa = PBXFileReference; lastKnownFileType = sourcecode.swift; path = QuantityFavoriteDetailView.swift; sourceTree = "<group>"; };
		FA84733D2868AC9A00149AD5 /* AddToCartDetailView.swift */ = {isa = PBXFileReference; lastKnownFileType = sourcecode.swift; path = AddToCartDetailView.swift; sourceTree = "<group>"; };
		FA84733F2868AE1400149AD5 /* Shop.swift */ = {isa = PBXFileReference; lastKnownFileType = sourcecode.swift; path = Shop.swift; sourceTree = "<group>"; };
		FAF5903028625B1700D04AFF /* NavigationBarView.swift */ = {isa = PBXFileReference; lastKnownFileType = sourcecode.swift; path = NavigationBarView.swift; sourceTree = "<group>"; };
		FAF5903228625CAC00D04AFF /* LogoView.swift */ = {isa = PBXFileReference; lastKnownFileType = sourcecode.swift; path = LogoView.swift; sourceTree = "<group>"; };
/* End PBXFileReference section */

/* Begin PBXFrameworksBuildPhase section */
		FA572430285F7D2400536E44 /* Frameworks */ = {
			isa = PBXFrameworksBuildPhase;
			buildActionMask = 2147483647;
			files = (
			);
			runOnlyForDeploymentPostprocessing = 0;
		};
/* End PBXFrameworksBuildPhase section */

/* Begin PBXGroup section */
		FA040566285F82C400C20906 /* View */ = {
			isa = PBXGroup;
			children = (
				FA040568285F82CF00C20906 /* Detail */,
				FA040567285F82C900C20906 /* Home */,
			);
			path = View;
			sourceTree = "<group>";
		};
		FA040567285F82C900C20906 /* Home */ = {
			isa = PBXGroup;
			children = (
				FA55616E28611021001DD7C7 /* FooterView.swift */,
				FAF5903028625B1700D04AFF /* NavigationBarView.swift */,
				FAF5903228625CAC00D04AFF /* LogoView.swift */,
				FA241B642863ADBE0018854A /* FeaturedItemView.swift */,
				FA241B662863AF080018854A /* FeaturedTabView.swift */,
				FA22E4A72864C4290073FC8D /* CategoryItemView.swift */,
				FA22E4A92864C5C10073FC8D /* CategoryGridView.swift */,
				FA22E4AB2864C77F0073FC8D /* SectionView.swift */,
				FA22161C2867A414001F25A3 /* TitleView.swift */,
				FA2216202867A609001F25A3 /* ProductItemView.swift */,
				FA2216242867AA6E001F25A3 /* BrandItemView.swift */,
				FA2216262867AB2E001F25A3 /* BrandGridView.swift */,
			);
			path = Home;
			sourceTree = "<group>";
		};
		FA040568285F82CF00C20906 /* Detail */ = {
			isa = PBXGroup;
			children = (
				FA84732F28689D2400149AD5 /* NavigationBarDetailView.swift */,
				FA84733128689E9300149AD5 /* HeaderDetailView.swift */,
				FA8473332868A33800149AD5 /* TopPartDetailView.swift */,
				FA8473392868A7DB00149AD5 /* RatingsSizesDetailView.swift */,
				FA84733B2868AA9800149AD5 /* QuantityFavoriteDetailView.swift */,
				FA84733D2868AC9A00149AD5 /* AddToCartDetailView.swift */,
			);
			path = Detail;
			sourceTree = "<group>";
		};
		FA040569285F82EB00C20906 /* Model */ = {
			isa = PBXGroup;
			children = (
				FA241B602863AC4E0018854A /* PlayerModel.swift */,
				FA22E4A52864C30B0073FC8D /* CategoryModel.swift */,
				FA22161E2867A558001F25A3 /* ProductModel.swift */,
				FA2216222867A99C001F25A3 /* BrandModel.swift */,
			);
			path = Model;
			sourceTree = "<group>";
		};
		FA04056A285F82F100C20906 /* Extension */ = {
			isa = PBXGroup;
			children = (
				FA241B622863AC890018854A /* CodableBundleExtension.swift */,
			);
			path = Extension;
			sourceTree = "<group>";
		};
		FA51BA5B285F84A300B06D21 /* Utility */ = {
			isa = PBXGroup;
			children = (
				FA51BA5C285F84F100B06D21 /* Constant.swift */,
				FA8473372868A64200149AD5 /* CustomShape.swift */,
				FA84733F2868AE1400149AD5 /* Shop.swift */,
			);
			path = Utility;
			sourceTree = "<group>";
		};
		FA57242A285F7D2400536E44 = {
			isa = PBXGroup;
			children = (
				FA572435285F7D2400536E44 /* Touchdown */,
				FA572434285F7D2400536E44 /* Products */,
			);
			sourceTree = "<group>";
		};
		FA572434285F7D2400536E44 /* Products */ = {
			isa = PBXGroup;
			children = (
				FA572433285F7D2400536E44 /* Touchdown.app */,
			);
			name = Products;
			sourceTree = "<group>";
		};
		FA572435285F7D2400536E44 /* Touchdown */ = {
			isa = PBXGroup;
			children = (
				FA572450285F7F4100536E44 /* App */,
				FA040566285F82C400C20906 /* View */,
				FA51BA5B285F84A300B06D21 /* Utility */,
				FA04056A285F82F100C20906 /* Extension */,
				FA040569285F82EB00C20906 /* Model */,
				FA57244D285F7E2400536E44 /* Data */,
				FA57243A285F7D2700536E44 /* Assets.xcassets */,
				FA57244E285F7E9B00536E44 /* Info.plist */,
				FA57243C285F7D2700536E44 /* Preview Content */,
			);
			path = Touchdown;
			sourceTree = "<group>";
		};
		FA57243C285F7D2700536E44 /* Preview Content */ = {
			isa = PBXGroup;
			children = (
				FA57243D285F7D2700536E44 /* Preview Assets.xcassets */,
			);
			path = "Preview Content";
			sourceTree = "<group>";
		};
		FA57244D285F7E2400536E44 /* Data */ = {
			isa = PBXGroup;
			children = (
				FA572445285F7E1100536E44 /* brand.json */,
				FA572446285F7E1100536E44 /* category.json */,
				FA572447285F7E1100536E44 /* player.json */,
				FA572444285F7E1100536E44 /* product.json */,
			);
			path = Data;
			sourceTree = "<group>";
		};
		FA572450285F7F4100536E44 /* App */ = {
			isa = PBXGroup;
			children = (
				FA572436285F7D2400536E44 /* TouchdownApp.swift */,
				FA572438285F7D2400536E44 /* ContentView.swift */,
				FA84732D28689BE100149AD5 /* ProductDetailView.swift */,
			);
			path = App;
			sourceTree = "<group>";
		};
/* End PBXGroup section */

/* Begin PBXNativeTarget section */
		FA572432285F7D2400536E44 /* Touchdown */ = {
			isa = PBXNativeTarget;
			buildConfigurationList = FA572441285F7D2700536E44 /* Build configuration list for PBXNativeTarget "Touchdown" */;
			buildPhases = (
				FA57242F285F7D2400536E44 /* Sources */,
				FA572430285F7D2400536E44 /* Frameworks */,
				FA572431285F7D2400536E44 /* Resources */,
			);
			buildRules = (
			);
			dependencies = (
			);
			name = Touchdown;
			productName = Touchdown;
			productReference = FA572433285F7D2400536E44 /* Touchdown.app */;
			productType = "com.apple.product-type.application";
		};
/* End PBXNativeTarget section */

/* Begin PBXProject section */
		FA57242B285F7D2400536E44 /* Project object */ = {
			isa = PBXProject;
			attributes = {
				BuildIndependentTargetsInParallel = 1;
				LastSwiftUpdateCheck = 1340;
				LastUpgradeCheck = 1340;
				TargetAttributes = {
					FA572432285F7D2400536E44 = {
						CreatedOnToolsVersion = 13.4.1;
					};
				};
			};
			buildConfigurationList = FA57242E285F7D2400536E44 /* Build configuration list for PBXProject "Touchdown" */;
			compatibilityVersion = "Xcode 13.0";
			developmentRegion = en;
			hasScannedForEncodings = 0;
			knownRegions = (
				en,
				Base,
			);
			mainGroup = FA57242A285F7D2400536E44;
			productRefGroup = FA572434285F7D2400536E44 /* Products */;
			projectDirPath = "";
			projectRoot = "";
			targets = (
				FA572432285F7D2400536E44 /* Touchdown */,
			);
		};
/* End PBXProject section */

/* Begin PBXResourcesBuildPhase section */
		FA572431285F7D2400536E44 /* Resources */ = {
			isa = PBXResourcesBuildPhase;
			buildActionMask = 2147483647;
			files = (
				FA57244B285F7E1100536E44 /* player.json in Resources */,
				FA57243E285F7D2700536E44 /* Preview Assets.xcassets in Resources */,
				FA572449285F7E1100536E44 /* brand.json in Resources */,
				FA57244A285F7E1100536E44 /* category.json in Resources */,
				FA57243B285F7D2700536E44 /* Assets.xcassets in Resources */,
				FA572448285F7E1100536E44 /* product.json in Resources */,
			);
			runOnlyForDeploymentPostprocessing = 0;
		};
/* End PBXResourcesBuildPhase section */

/* Begin PBXSourcesBuildPhase section */
		FA57242F285F7D2400536E44 /* Sources */ = {
			isa = PBXSourcesBuildPhase;
			buildActionMask = 2147483647;
			files = (
				FA241B632863AC890018854A /* CodableBundleExtension.swift in Sources */,
				FA84733228689E9300149AD5 /* HeaderDetailView.swift in Sources */,
				FA8473342868A33800149AD5 /* TopPartDetailView.swift in Sources */,
				FA572439285F7D2400536E44 /* ContentView.swift in Sources */,
				FA84733C2868AA9800149AD5 /* QuantityFavoriteDetailView.swift in Sources */,
				FAF5903328625CAC00D04AFF /* LogoView.swift in Sources */,
				FA55616F28611021001DD7C7 /* FooterView.swift in Sources */,
				FA241B652863ADBE0018854A /* FeaturedItemView.swift in Sources */,
				FA84733E2868AC9A00149AD5 /* AddToCartDetailView.swift in Sources */,
				FA2216212867A609001F25A3 /* ProductItemView.swift in Sources */,
				FA2216272867AB2E001F25A3 /* BrandGridView.swift in Sources */,
				FA84733A2868A7DB00149AD5 /* RatingsSizesDetailView.swift in Sources */,
				FA572437285F7D2400536E44 /* TouchdownApp.swift in Sources */,
				FA84732E28689BE100149AD5 /* ProductDetailView.swift in Sources */,
				FA84733028689D2400149AD5 /* NavigationBarDetailView.swift in Sources */,
				FA51BA5D285F84F100B06D21 /* Constant.swift in Sources */,
				FA22E4AA2864C5C10073FC8D /* CategoryGridView.swift in Sources */,
				FA22E4A62864C30B0073FC8D /* CategoryModel.swift in Sources */,
				FAF5903128625B1700D04AFF /* NavigationBarView.swift in Sources */,
				FA22E4AC2864C77F0073FC8D /* SectionView.swift in Sources */,
				FA2216252867AA6E001F25A3 /* BrandItemView.swift in Sources */,
				FA22E4A82864C4290073FC8D /* CategoryItemView.swift in Sources */,
				FA241B672863AF080018854A /* FeaturedTabView.swift in Sources */,
				FA8473382868A64200149AD5 /* CustomShape.swift in Sources */,
				FA8473402868AE1400149AD5 /* Shop.swift in Sources */,
				FA241B612863AC4E0018854A /* PlayerModel.swift in Sources */,
				FA2216232867A99C001F25A3 /* BrandModel.swift in Sources */,
				FA22161D2867A414001F25A3 /* TitleView.swift in Sources */,
				FA22161F2867A559001F25A3 /* ProductModel.swift in Sources */,
			);
			runOnlyForDeploymentPostprocessing = 0;
		};
/* End PBXSourcesBuildPhase section */

/* Begin XCBuildConfiguration section */
		FA57243F285F7D2700536E44 /* Debug */ = {
			isa = XCBuildConfiguration;
			buildSettings = {
				ALWAYS_SEARCH_USER_PATHS = NO;
				CLANG_ANALYZER_NONNULL = YES;
				CLANG_ANALYZER_NUMBER_OBJECT_CONVERSION = YES_AGGRESSIVE;
				CLANG_CXX_LANGUAGE_STANDARD = "gnu++17";
				CLANG_ENABLE_MODULES = YES;
				CLANG_ENABLE_OBJC_ARC = YES;
				CLANG_ENABLE_OBJC_WEAK = YES;
				CLANG_WARN_BLOCK_CAPTURE_AUTORELEASING = YES;
				CLANG_WARN_BOOL_CONVERSION = YES;
				CLANG_WARN_COMMA = YES;
				CLANG_WARN_CONSTANT_CONVERSION = YES;
				CLANG_WARN_DEPRECATED_OBJC_IMPLEMENTATIONS = YES;
				CLANG_WARN_DIRECT_OBJC_ISA_USAGE = YES_ERROR;
				CLANG_WARN_DOCUMENTATION_COMMENTS = YES;
				CLANG_WARN_EMPTY_BODY = YES;
				CLANG_WARN_ENUM_CONVERSION = YES;
				CLANG_WARN_INFINITE_RECURSION = YES;
				CLANG_WARN_INT_CONVERSION = YES;
				CLANG_WARN_NON_LITERAL_NULL_CONVERSION = YES;
				CLANG_WARN_OBJC_IMPLICIT_RETAIN_SELF = YES;
				CLANG_WARN_OBJC_LITERAL_CONVERSION = YES;
				CLANG_WARN_OBJC_ROOT_CLASS = YES_ERROR;
				CLANG_WARN_QUOTED_INCLUDE_IN_FRAMEWORK_HEADER = YES;
				CLANG_WARN_RANGE_LOOP_ANALYSIS = YES;
				CLANG_WARN_STRICT_PROTOTYPES = YES;
				CLANG_WARN_SUSPICIOUS_MOVE = YES;
				CLANG_WARN_UNGUARDED_AVAILABILITY = YES_AGGRESSIVE;
				CLANG_WARN_UNREACHABLE_CODE = YES;
				CLANG_WARN__DUPLICATE_METHOD_MATCH = YES;
				COPY_PHASE_STRIP = NO;
				DEBUG_INFORMATION_FORMAT = dwarf;
				ENABLE_STRICT_OBJC_MSGSEND = YES;
				ENABLE_TESTABILITY = YES;
				GCC_C_LANGUAGE_STANDARD = gnu11;
				GCC_DYNAMIC_NO_PIC = NO;
				GCC_NO_COMMON_BLOCKS = YES;
				GCC_OPTIMIZATION_LEVEL = 0;
				GCC_PREPROCESSOR_DEFINITIONS = (
					"DEBUG=1",
					"$(inherited)",
				);
				GCC_WARN_64_TO_32_BIT_CONVERSION = YES;
				GCC_WARN_ABOUT_RETURN_TYPE = YES_ERROR;
				GCC_WARN_UNDECLARED_SELECTOR = YES;
				GCC_WARN_UNINITIALIZED_AUTOS = YES_AGGRESSIVE;
				GCC_WARN_UNUSED_FUNCTION = YES;
				GCC_WARN_UNUSED_VARIABLE = YES;
				IPHONEOS_DEPLOYMENT_TARGET = 15.5;
				MTL_ENABLE_DEBUG_INFO = INCLUDE_SOURCE;
				MTL_FAST_MATH = YES;
				ONLY_ACTIVE_ARCH = YES;
				SDKROOT = iphoneos;
				SWIFT_ACTIVE_COMPILATION_CONDITIONS = DEBUG;
				SWIFT_OPTIMIZATION_LEVEL = "-Onone";
			};
			name = Debug;
		};
		FA572440285F7D2700536E44 /* Release */ = {
			isa = XCBuildConfiguration;
			buildSettings = {
				ALWAYS_SEARCH_USER_PATHS = NO;
				CLANG_ANALYZER_NONNULL = YES;
				CLANG_ANALYZER_NUMBER_OBJECT_CONVERSION = YES_AGGRESSIVE;
				CLANG_CXX_LANGUAGE_STANDARD = "gnu++17";
				CLANG_ENABLE_MODULES = YES;
				CLANG_ENABLE_OBJC_ARC = YES;
				CLANG_ENABLE_OBJC_WEAK = YES;
				CLANG_WARN_BLOCK_CAPTURE_AUTORELEASING = YES;
				CLANG_WARN_BOOL_CONVERSION = YES;
				CLANG_WARN_COMMA = YES;
				CLANG_WARN_CONSTANT_CONVERSION = YES;
				CLANG_WARN_DEPRECATED_OBJC_IMPLEMENTATIONS = YES;
				CLANG_WARN_DIRECT_OBJC_ISA_USAGE = YES_ERROR;
				CLANG_WARN_DOCUMENTATION_COMMENTS = YES;
				CLANG_WARN_EMPTY_BODY = YES;
				CLANG_WARN_ENUM_CONVERSION = YES;
				CLANG_WARN_INFINITE_RECURSION = YES;
				CLANG_WARN_INT_CONVERSION = YES;
				CLANG_WARN_NON_LITERAL_NULL_CONVERSION = YES;
				CLANG_WARN_OBJC_IMPLICIT_RETAIN_SELF = YES;
				CLANG_WARN_OBJC_LITERAL_CONVERSION = YES;
				CLANG_WARN_OBJC_ROOT_CLASS = YES_ERROR;
				CLANG_WARN_QUOTED_INCLUDE_IN_FRAMEWORK_HEADER = YES;
				CLANG_WARN_RANGE_LOOP_ANALYSIS = YES;
				CLANG_WARN_STRICT_PROTOTYPES = YES;
				CLANG_WARN_SUSPICIOUS_MOVE = YES;
				CLANG_WARN_UNGUARDED_AVAILABILITY = YES_AGGRESSIVE;
				CLANG_WARN_UNREACHABLE_CODE = YES;
				CLANG_WARN__DUPLICATE_METHOD_MATCH = YES;
				COPY_PHASE_STRIP = NO;
				DEBUG_INFORMATION_FORMAT = "dwarf-with-dsym";
				ENABLE_NS_ASSERTIONS = NO;
				ENABLE_STRICT_OBJC_MSGSEND = YES;
				GCC_C_LANGUAGE_STANDARD = gnu11;
				GCC_NO_COMMON_BLOCKS = YES;
				GCC_WARN_64_TO_32_BIT_CONVERSION = YES;
				GCC_WARN_ABOUT_RETURN_TYPE = YES_ERROR;
				GCC_WARN_UNDECLARED_SELECTOR = YES;
				GCC_WARN_UNINITIALIZED_AUTOS = YES_AGGRESSIVE;
				GCC_WARN_UNUSED_FUNCTION = YES;
				GCC_WARN_UNUSED_VARIABLE = YES;
				IPHONEOS_DEPLOYMENT_TARGET = 15.5;
				MTL_ENABLE_DEBUG_INFO = NO;
				MTL_FAST_MATH = YES;
				SDKROOT = iphoneos;
				SWIFT_COMPILATION_MODE = wholemodule;
				SWIFT_OPTIMIZATION_LEVEL = "-O";
				VALIDATE_PRODUCT = YES;
			};
			name = Release;
		};
		FA572442285F7D2700536E44 /* Debug */ = {
			isa = XCBuildConfiguration;
			buildSettings = {
				ASSETCATALOG_COMPILER_APPICON_NAME = AppIcon;
				ASSETCATALOG_COMPILER_GLOBAL_ACCENT_COLOR_NAME = AccentColor;
				CODE_SIGN_STYLE = Automatic;
				CURRENT_PROJECT_VERSION = 1;
				DEVELOPMENT_ASSET_PATHS = "\"Touchdown/Preview Content\"";
				DEVELOPMENT_TEAM = UNSBUCHFN8;
				ENABLE_PREVIEWS = YES;
				GENERATE_INFOPLIST_FILE = YES;
				INFOPLIST_FILE = Touchdown/Info.plist;
				INFOPLIST_KEY_UIApplicationSceneManifest_Generation = YES;
				INFOPLIST_KEY_UIApplicationSupportsIndirectInputEvents = YES;
				INFOPLIST_KEY_UISupportedInterfaceOrientations = UIInterfaceOrientationPortrait;
				INFOPLIST_KEY_UISupportedInterfaceOrientations_iPad = "UIInterfaceOrientationPortrait UIInterfaceOrientationPortraitUpsideDown UIInterfaceOrientationLandscapeLeft UIInterfaceOrientationLandscapeRight";
				INFOPLIST_KEY_UISupportedInterfaceOrientations_iPhone = UIInterfaceOrientationPortrait;
				INFOPLIST_KEY_UIUserInterfaceStyle = Light;
				LD_RUNPATH_SEARCH_PATHS = (
					"$(inherited)",
					"@executable_path/Frameworks",
				);
				MARKETING_VERSION = 1.0;
				PRODUCT_BUNDLE_IDENTIFIER = com.aleksandrspetruhins.Touchdown;
				PRODUCT_NAME = "$(TARGET_NAME)";
				SWIFT_EMIT_LOC_STRINGS = YES;
				SWIFT_VERSION = 5.0;
				TARGETED_DEVICE_FAMILY = "1,2";
			};
			name = Debug;
		};
		FA572443285F7D2700536E44 /* Release */ = {
			isa = XCBuildConfiguration;
			buildSettings = {
				ASSETCATALOG_COMPILER_APPICON_NAME = AppIcon;
				ASSETCATALOG_COMPILER_GLOBAL_ACCENT_COLOR_NAME = AccentColor;
				CODE_SIGN_STYLE = Automatic;
				CURRENT_PROJECT_VERSION = 1;
				DEVELOPMENT_ASSET_PATHS = "\"Touchdown/Preview Content\"";
				DEVELOPMENT_TEAM = UNSBUCHFN8;
				ENABLE_PREVIEWS = YES;
				GENERATE_INFOPLIST_FILE = YES;
				INFOPLIST_FILE = Touchdown/Info.plist;
				INFOPLIST_KEY_UIApplicationSceneManifest_Generation = YES;
				INFOPLIST_KEY_UIApplicationSupportsIndirectInputEvents = YES;
				INFOPLIST_KEY_UISupportedInterfaceOrientations = UIInterfaceOrientationPortrait;
				INFOPLIST_KEY_UISupportedInterfaceOrientations_iPad = "UIInterfaceOrientationPortrait UIInterfaceOrientationPortraitUpsideDown UIInterfaceOrientationLandscapeLeft UIInterfaceOrientationLandscapeRight";
				INFOPLIST_KEY_UISupportedInterfaceOrientations_iPhone = UIInterfaceOrientationPortrait;
				INFOPLIST_KEY_UIUserInterfaceStyle = Light;
				LD_RUNPATH_SEARCH_PATHS = (
					"$(inherited)",
					"@executable_path/Frameworks",
				);
				MARKETING_VERSION = 1.0;
				PRODUCT_BUNDLE_IDENTIFIER = com.aleksandrspetruhins.Touchdown;
				PRODUCT_NAME = "$(TARGET_NAME)";
				SWIFT_EMIT_LOC_STRINGS = YES;
				SWIFT_VERSION = 5.0;
				TARGETED_DEVICE_FAMILY = "1,2";
			};
			name = Release;
		};
/* End XCBuildConfiguration section */

/* Begin XCConfigurationList section */
		FA57242E285F7D2400536E44 /* Build configuration list for PBXProject "Touchdown" */ = {
			isa = XCConfigurationList;
			buildConfigurations = (
				FA57243F285F7D2700536E44 /* Debug */,
				FA572440285F7D2700536E44 /* Release */,
			);
			defaultConfigurationIsVisible = 0;
			defaultConfigurationName = Release;
		};
		FA572441285F7D2700536E44 /* Build configuration list for PBXNativeTarget "Touchdown" */ = {
			isa = XCConfigurationList;
			buildConfigurations = (
				FA572442285F7D2700536E44 /* Debug */,
				FA572443285F7D2700536E44 /* Release */,
			);
			defaultConfigurationIsVisible = 0;
			defaultConfigurationName = Release;
		};
/* End XCConfigurationList section */
	};
	rootObject = FA57242B285F7D2400536E44 /* Project object */;
}
